
Microsoft Visual Studio Solution File, Format Version 12.00
# Visual Studio Version 17
VisualStudioVersion = 17.2.32526.322
MinimumVisualStudioVersion = 10.0.40219.1
Project("{FAE04EC0-301F-11D3-BF4B-00C04F79EFBC}") = "Aula004", "Aula004\Aula004.csproj", "{CCFFEE5C-1D54-4836-98CF-9650D55E5E85}"
EndProject
Global
	GlobalSection(SolutionConfigurationPlatforms) = preSolution
		Debug|Any CPU = Debug|Any CPU
		Release|Any CPU = Release|Any CPU
	EndGlobalSection
	GlobalSection(ProjectConfigurationPlatforms) = postSolution
		{CCFFEE5C-1D54-4836-98CF-9650D55E5E85}.Debug|Any CPU.ActiveCfg = Debug|Any CPU
		{CCFFEE5C-1D54-4836-98CF-9650D55E5E85}.Debug|Any CPU.Build.0 = Debug|Any CPU
		{CCFFEE5C-1D54-4836-98CF-9650D55E5E85}.Release|Any CPU.ActiveCfg = Release|Any CPU
		{CCFFEE5C-1D54-4836-98CF-9650D55E5E85}.Release|Any CPU.Build.0 = Release|Any CPU
	EndGlobalSection
	GlobalSection(SolutionProperties) = preSolution
		HideSolutionNode = FALSE
	EndGlobalSection
	GlobalSection(ExtensibilityGlobals) = postSolution
		SolutionGuid = {136D408F-4F78-4306-BD7F-2015F73A9226}
	EndGlobalSection
EndGlobal
